cloud.google.com/go v0.33.1 h1:fmJQWZ1w9PGkHR1YL/P7HloDvqlmKQ4Vpb7PC2e+aCk=
cloud.google.com/go v0.33.1/go.mod h1:aQUYkXzVsufM+DwF1aE+0xfcU+56JwCaLick0ClmMTw=
github.com/aws/aws-sdk-go v1.15.86 h1:5JM80L5hbIYAwbRuw+eHYnaiDoYSjVu/ESW0sRWwJLI=
github.com/boltdb/bolt v1.3.1 h1:JQmyP4ZBrce+ZQu0dY660FMfatumYDLun9hBCUVIkF4=
github.com/boltdb/bolt v1.3.1/go.mod h1:clJnj/oiGkjum5o1McbSZDSLxVThjynRyGBgiAx27Ps=
github.com/cockroachdb/apd v1.1.0 h1:3LFP3629v+1aKXU5Q37mxmRxX/pIu1nijXydLShEq5I=
github.com/cockroachdb/apd v1.1.0/go.mod h1:8Sl8LxpKi29FqWXR16WEFZRNSz3SoPzUzeMeY4+DwBQ=
github.com/denisenkom/go-mssqldb v0.0.0-20181014144952-4e0d7dc8888f h1:WH0w/R4Yoey+04HhFxqZ6VX6I0d7RMyw5aXQ9UTvQPs=
github.com/denisenkom/go-mssqldb v0.0.0-20181014144952-4e0d7dc8888f/go.mod h1:xN/JuLBIz4bjkxNmByTiV1IbhfnYb6oo99phBn4Eqhc=
github.com/glycerine/rbuf v0.0.0-20180419223226-f3545473735d h1:GOf+r4tjiXMuf6ti7rttwBkJM/M3Q4zoYlOhe+fAxZw=
github.com/glycerine/rbuf v0.0.0-20180419223226-f3545473735d/go.mod h1:BOGkN1CszB3i4g9xn96RH4t5uXnxJjnC5/RWJ1Wx7GM=
github.com/gogo/protobuf v1.1.1 h1:72R+M5VuhED/KujmZVcIquuo8mBgX4oVda//DQb3PXo=
github.com/gogo/protobuf v1.1.1/go.mod h1:r8qH/GZQm5c6nD/R0oafs1akxWv10x8SbQlK7atdtwQ=
github.com/google/uuid v1.1.0 h1:Jf4mxPC/ziBnoPIdpQdPJ9OeiomAUHLvxmPRSPH9m4s=
github.com/google/uuid v1.1.0/go.mod h1:TIyPZe4MgqvfeYDBFedMoGGpEw/LqOeaOT+nhxU+yHo=
github.com/gorilla/mux v1.6.2 h1:Pgr17XVTNXAk3q/r4CpKzC5xBM/qW1uVLV+IhRZpIIk=
github.com/gorilla/mux v1.6.2/go.mod h1:1lud6UwP+6orDFRuTfBEV8e9/aOM/c4fVVCaMa2zaAs=
github.com/guptarohit/asciigraph v0.4.1 h1:YHmCMN8VH81BIUIgTg2Fs3B52QDxNZw2RQ6j5pGoSxo=
github.com/guptarohit/asciigraph v0.4.1/go.mod h1:9fYEfE5IGJGxlP1B+w8wHFy7sNZMhPtn59f0RLtpRFM=
github.com/hashicorp/errwrap v1.0.0 h1:hLrqtEDnRye3+sgx6z4qVLNuviH3MR5aQ0ykNJa/UYA=
github.com/hashicorp/errwrap v1.0.0/go.mod h1:YH+1FKiLXxHSkmPseP+kNlulaMuP3n2brvKWEqk/Jc4=
github.com/hashicorp/go-multierror v1.0.0 h1:iVjPR7a6H0tWELX5NxNe7bYopibicUzc7uPribsnS6o=
github.com/hashicorp/go-multierror v1.0.0/go.mod h1:dHtQlpGsu+cZNNAkkCN/P3hoUDHhCYQXV3UM06sGGrk=
github.com/jinzhu/now v0.0.0-20181116074157-8ec929ed50c3 h1:xvj06l8iSwiWpYgm8MbPp+naBg+pwfqmdXabzqPCn/8=
github.com/jinzhu/now v0.0.0-20181116074157-8ec929ed50c3/go.mod h1:oHTiXerJ20+SfYcrdlBO7rzZRJWGwSTQ0iUY2jI6Gfc=
github.com/leekchan/accounting v0.0.0-20180703100437-18a1925d6514 h1:eX436NDlsA6AHjeLIPvfrJJ6n6OnK/Ap32N8WH5NFwg=
github.com/leekchan/accounting v0.0.0-20180703100437-18a1925d6514/go.mod h1:LErrn9E6BDZ0rwAIrPk99+1+KCSU2X+fy+6xeCB1C5U=
github.com/nats-io/go-nats v1.6.0 h1:FznPwMfrVwGnSCh7JTXyJDRW0TIkD4Tr+M1LPJt9T70=
github.com/nats-io/go-nats v1.6.0/go.mod h1:+t7RHT5ApZebkrQdnn6AhQJmhJJiKAvJUio1PiiCtj0=
github.com/nats-io/go-nats-streaming v0.4.0 h1:00wOBnTKzZGvQOFRSxj18kUm4X2TvXzv8LS0skZegPc=
github.com/nats-io/go-nats-streaming v0.4.0/go.mod h1:gfq4R3c9sKAINOpelo0gn/b9QDMBZnmrttcsNF+lqyo=
github.com/nats-io/nuid v1.0.0 h1:44QGdhbiANq8ZCbUkdn6W5bqtg+mHuDE4wOUuxxndFs=
github.com/nats-io/nuid v1.0.0/go.mod h1:19wcPz3Ph3q0Jbyiqsd0kePYG7A95tJPxeL+1OSON2c=
github.com/pkg/errors v0.8.0 h1:WdK/asTD0HN+q6hsWO3/vpuAkAr+tw6aNJNDFFf0+qw=
github.com/pkg/errors v0.8.0/go.mod h1:bwawxfHBFNV+L2hUp1rHADufV3IMtnDRdf1r5NINEl0=
github.com/shopspring/decimal v0.0.0-20180709203117-cd690d0c9e24 h1:pntxY8Ary0t43dCZ5dqY4YTJCObLY1kIXl0uzMv+7DE=
github.com/shopspring/decimal v0.0.0-20180709203117-cd690d0c9e24/go.mod h1:M+9NzErvs504Cn4c5DxATwIqPbtswREoFCre64PpcG4=
github.com/spaolacci/murmur3 v0.0.0-20180118202830-f09979ecbc72 h1:qLC7fQah7D6K1B0ujays3HV9gkFtllcxhzImRR7ArPQ=
github.com/spaolacci/murmur3 v0.0.0-20180118202830-f09979ecbc72/go.mod h1:JwIasOWyU6f++ZhiEuf87xNszmSA2myDM2Kzu9HwQUA=
github.com/urfave/cli v1.20.0 h1:fDqGv3UG/4jbVl/QkFwEdddtEDjh/5Ov6X+0B/3bPaw=
github.com/urfave/cli v1.20.0/go.mod h1:70zkFmudgCuE/ngEzBv17Jvp/497gISqfk5gWijbERA=
github.com/utilitywarehouse/go-csv v0.0.0-20171118151914-09fb30f0f604 h1:BgHjkt2w7RWghpsgrm5PDjevbkNZI93ctuDWqQv+rDs=
github.com/utilitywarehouse/go-csv v0.0.0-20171118151914-09fb30f0f604/go.mod h1:62x3UfQGOIbUA5h4QBcDohtQBVrjVjXdSbfajpcjUDw=
github.com/utilitywarehouse/partner-commission v0.0.0-20181031151643-106ecc6b857d h1:5or8tj1fXxemSnX4mlP1spN98y0GSJEbBKZw6kQJdfc=
github.com/utilitywarehouse/partner-commission v0.0.0-20181031151643-106ecc6b857d/go.mod h1:KEZVtjBt9Qb6f6ZcvsQDx5efBUCXPev2kpAdd9gMjjE=
github.com/wayneashleyberry/terminal-dimensions v1.0.0 h1:LawtS1nqKjAfqrmKOzkcrDLAjSzh38lEhC401JPjQVA=
github.com/wayneashleyberry/terminal-dimensions v1.0.0/go.mod h1:PW2XrtV6KmKOPhuf7wbtcmw1/IFnC39mryRET2XbxeE=
golang.org/x/crypto v0.0.0-20181127143415-eb0de9b17e85 h1:et7+NAX3lLIk5qUCTA9QelBjGE/NkhzYw/mhnr0s7nI=
golang.org/x/crypto v0.0.0-20181127143415-eb0de9b17e85/go.mod h1:6SG95UA2DQfeDnfUPMdvaQW0Q7yPrPDi9nlGo2tz2b4=
gopkg.in/urfave/cli.v1 v1.20.0 h1:NdAVW6RYxDif9DhDHaAortIu956m2c0v+09AZBPTbE0=
gopkg.in/urfave/cli.v1 v1.20.0/go.mod h1:vuBzUtMdQeixQj8LVd+/98pzhxNGQoyuPBlsXHOQNO0=
